
Microsoft Visual Studio Solution File, Format Version 12.00
# Visual Studio 14
VisualStudioVersion = 14.0.25420.1
MinimumVisualStudioVersion = 10.0.40219.1
Project("{FAE04EC0-301F-11D3-BF4B-00C04F79EFBC}") = "Data", "Data\Data.csproj", "{43BF9815-5618-49BE-A853-B10AACF0BF9A}"
EndProject
Project("{FAE04EC0-301F-11D3-BF4B-00C04F79EFBC}") = "Domain", "Domain\Domain.csproj", "{BBCDCA57-9DC3-450B-8300-2C2055CC8717}"
EndProject
Project("{FAE04EC0-301F-11D3-BF4B-00C04F79EFBC}") = "Service", "Service\Service.csproj", "{DBBC8766-05E6-4426-9A15-601F2D07A16F}"
EndProject
Project("{FAE04EC0-301F-11D3-BF4B-00C04F79EFBC}") = "ServicePattern", "ServicePattern\ServicePattern.csproj", "{70169713-A933-4BAA-A667-27F530333DFE}"
EndProject
Project("{FAE04EC0-301F-11D3-BF4B-00C04F79EFBC}") = "Console", "Console\Console.csproj", "{EF3F33F8-4595-48E8-896A-76E58FE603A9}"
EndProject
Project("{FAE04EC0-301F-11D3-BF4B-00C04F79EFBC}") = "WebEpione", "WebEpione\WebEpione.csproj", "{357A46C3-2089-44CE-825D-C560F1834A3F}"
EndProject
Global
	GlobalSection(SolutionConfigurationPlatforms) = preSolution
		Debug|Any CPU = Debug|Any CPU
		Release|Any CPU = Release|Any CPU
	EndGlobalSection
	GlobalSection(ProjectConfigurationPlatforms) = postSolution
		{43BF9815-5618-49BE-A853-B10AACF0BF9A}.Debug|Any CPU.ActiveCfg = Debug|Any CPU
		{43BF9815-5618-49BE-A853-B10AACF0BF9A}.Debug|Any CPU.Build.0 = Debug|Any CPU
		{43BF9815-5618-49BE-A853-B10AACF0BF9A}.Release|Any CPU.ActiveCfg = Release|Any CPU
		{43BF9815-5618-49BE-A853-B10AACF0BF9A}.Release|Any CPU.Build.0 = Release|Any CPU
		{BBCDCA57-9DC3-450B-8300-2C2055CC8717}.Debug|Any CPU.ActiveCfg = Debug|Any CPU
		{BBCDCA57-9DC3-450B-8300-2C2055CC8717}.Debug|Any CPU.Build.0 = Debug|Any CPU
		{BBCDCA57-9DC3-450B-8300-2C2055CC8717}.Release|Any CPU.ActiveCfg = Release|Any CPU
		{BBCDCA57-9DC3-450B-8300-2C2055CC8717}.Release|Any CPU.Build.0 = Release|Any CPU
		{DBBC8766-05E6-4426-9A15-601F2D07A16F}.Debug|Any CPU.ActiveCfg = Debug|Any CPU
		{DBBC8766-05E6-4426-9A15-601F2D07A16F}.Debug|Any CPU.Build.0 = Debug|Any CPU
		{DBBC8766-05E6-4426-9A15-601F2D07A16F}.Release|Any CPU.ActiveCfg = Release|Any CPU
		{DBBC8766-05E6-4426-9A15-601F2D07A16F}.Release|Any CPU.Build.0 = Release|Any CPU
		{70169713-A933-4BAA-A667-27F530333DFE}.Debug|Any CPU.ActiveCfg = Debug|Any CPU
		{70169713-A933-4BAA-A667-27F530333DFE}.Debug|Any CPU.Build.0 = Debug|Any CPU
		{70169713-A933-4BAA-A667-27F530333DFE}.Release|Any CPU.ActiveCfg = Release|Any CPU
		{70169713-A933-4BAA-A667-27F530333DFE}.Release|Any CPU.Build.0 = Release|Any CPU
		{EF3F33F8-4595-48E8-896A-76E58FE603A9}.Debug|Any CPU.ActiveCfg = Debug|Any CPU
		{EF3F33F8-4595-48E8-896A-76E58FE603A9}.Debug|Any CPU.Build.0 = Debug|Any CPU
		{EF3F33F8-4595-48E8-896A-76E58FE603A9}.Release|Any CPU.ActiveCfg = Release|Any CPU
		{EF3F33F8-4595-48E8-896A-76E58FE603A9}.Release|Any CPU.Build.0 = Release|Any CPU
		{357A46C3-2089-44CE-825D-C560F1834A3F}.Debug|Any CPU.ActiveCfg = Debug|Any CPU
		{357A46C3-2089-44CE-825D-C560F1834A3F}.Debug|Any CPU.Build.0 = Debug|Any CPU
		{357A46C3-2089-44CE-825D-C560F1834A3F}.Release|Any CPU.ActiveCfg = Release|Any CPU
		{357A46C3-2089-44CE-825D-C560F1834A3F}.Release|Any CPU.Build.0 = Release|Any CPU
	EndGlobalSection
	GlobalSection(SolutionProperties) = preSolution
		HideSolutionNode = FALSE
	EndGlobalSection
EndGlobal
